
Microsoft Visual Studio Solution File, Format Version 12.00
# Visual Studio Version 16
VisualStudioVersion = 16.0.30804.86
MinimumVisualStudioVersion = 10.0.40219.1
Project("{FAE04EC0-301F-11D3-BF4B-00C04F79EFBC}") = "UD4_Ex12", "UD4_Ex12\UD4_Ex12.csproj", "{F919813D-9FE7-4F87-9102-3DDEE3B8B374}"
EndProject
Global
	GlobalSection(SolutionConfigurationPlatforms) = preSolution
		Debug|Any CPU = Debug|Any CPU
		Release|Any CPU = Release|Any CPU
	EndGlobalSection
	GlobalSection(ProjectConfigurationPlatforms) = postSolution
		{F919813D-9FE7-4F87-9102-3DDEE3B8B374}.Debug|Any CPU.ActiveCfg = Debug|Any CPU
		{F919813D-9FE7-4F87-9102-3DDEE3B8B374}.Debug|Any CPU.Build.0 = Debug|Any CPU
		{F919813D-9FE7-4F87-9102-3DDEE3B8B374}.Release|Any CPU.ActiveCfg = Release|Any CPU
		{F919813D-9FE7-4F87-9102-3DDEE3B8B374}.Release|Any CPU.Build.0 = Release|Any CPU
	EndGlobalSection
	GlobalSection(SolutionProperties) = preSolution
		HideSolutionNode = FALSE
	EndGlobalSection
	GlobalSection(ExtensibilityGlobals) = postSolution
		SolutionGuid = {5825DB61-81BA-4FA5-9C02-3D28634BA700}
	EndGlobalSection
EndGlobal
